{
  "name": "shell-bot",
  "version": "0.0.1",
  "lockfileVersion": 2,
  "requires": true,
  "packages": {
    "": {
      "name": "shell-bot",
      "version": "0.0.1",
      "license": "MIT",
      "dependencies": {
        "botgram": "^2.2",
        "escape-html": "1",
        "mime": "1",
        "node": "12.13.0",
        "node-pty": "^0.9.0",
        "node-termios": "0.0.13",
        "terminal.js": "1.0.9"
      },
      "optionalDependencies": {
        "https-proxy-agent": "^2.2.1",
        "socks-proxy-agent": "^4.0.1"
      }
    },
    "node_modules/agent-base": {
      "version": "4.3.0",
      "license": "MIT",
      "optional": true,
      "dependencies": {
        "es6-promisify": "^5.0.0"
      },
      "engines": {
        "node": ">= 4.0.0"
      }
    },
    "node_modules/asynckit": {
      "version": "0.4.0",
      "license": "MIT"
    },
    "node_modules/balanced-match": {
      "version": "1.0.0",
      "license": "MIT"
    },
    "node_modules/botgram": {
      "version": "2.2.0",
      "license": "MIT",
      "dependencies": {
        "escape-html": "1",
        "form-data": ">= 1.0.0-rc3",
        "minimatch": "3"
      }
    },
    "node_modules/brace-expansion": {
      "version": "1.1.11",
      "license": "MIT",
      "dependencies": {
        "balanced-match": "^1.0.0",
        "concat-map": "0.0.1"
      }
    },
    "node_modules/combined-stream": {
      "version": "1.0.8",
      "license": "MIT",
      "dependencies": {
        "delayed-stream": "~1.0.0"
      },
      "engines": {
        "node": ">= 0.8"
      }
    },
    "node_modules/concat-map": {
      "version": "0.0.1",
      "license": "MIT"
    },
    "node_modules/debug": {
      "version": "3.2.6",
      "license": "MIT",
      "optional": true,
      "dependencies": {
        "ms": "^2.1.1"
      }
    },
    "node_modules/delayed-stream": {
      "version": "1.0.0",
      "license": "MIT",
      "engines": {
        "node": ">=0.4.0"
      }
    },
    "node_modules/es6-promise": {
      "version": "4.2.8",
      "license": "MIT",
      "optional": true
    },
    "node_modules/es6-promisify": {
      "version": "5.0.0",
      "license": "MIT",
      "optional": true,
      "dependencies": {
        "es6-promise": "^4.0.3"
      }
    },
    "node_modules/escape-html": {
      "version": "1.0.3",
      "license": "MIT"
    },
    "node_modules/form-data": {
      "version": "3.0.0",
      "license": "MIT",
      "dependencies": {
        "asynckit": "^0.4.0",
        "combined-stream": "^1.0.8",
        "mime-types": "^2.1.12"
      },
      "engines": {
        "node": ">= 6"
      }
    },
    "node_modules/https-proxy-agent": {
      "version": "2.2.4",
      "license": "MIT",
      "optional": true,
      "dependencies": {
        "agent-base": "^4.3.0",
        "debug": "^3.1.0"
      },
      "engines": {
        "node": ">= 4.5.0"
      }
    },
    "node_modules/ip": {
      "version": "1.1.5",
      "license": "MIT",
      "optional": true
    },
    "node_modules/mime": {
      "version": "1.6.0",
      "license": "MIT",
      "bin": {
        "mime": "cli.js"
      },
      "engines": {
        "node": ">=4"
      }
    },
    "node_modules/mime-db": {
      "version": "1.43.0",
      "license": "MIT",
      "engines": {
        "node": ">= 0.6"
      }
    },
    "node_modules/mime-types": {
      "version": "2.1.26",
      "license": "MIT",
      "dependencies": {
        "mime-db": "1.43.0"
      },
      "engines": {
        "node": ">= 0.6"
      }
    },
    "node_modules/minimatch": {
      "version": "3.0.4",
      "license": "ISC",
      "dependencies": {
        "brace-expansion": "^1.1.7"
      },
      "engines": {
        "node": "*"
      }
    },
    "node_modules/ms": {
      "version": "2.1.2",
      "license": "MIT",
      "optional": true
    },
    "node_modules/nan": {
      "version": "2.14.0",
      "license": "MIT"
    },
    "node_modules/node": {
      "version": "12.13.0",
      "resolved": "https://registry.npmjs.org/node/-/node-12.13.0.tgz",
      "integrity": "sha512-quDNTkbEEXCuDQNXX0B3faD17s1ggJ7MpdhqQKiOnvy0jooaDHSJ079pP+MfOzRkujcJgEHNIA0/G2imOGZImg==",
      "hasInstallScript": true,
      "dependencies": {
        "node-bin-setup": "^1.0.0"
      },
      "bin": {
        "node": "bin/node"
      },
      "engines": {
        "npm": ">=5.0.0"
      }
    },
    "node_modules/node-bin-setup": {
      "version": "1.1.0",
      "resolved": "https://registry.npmjs.org/node-bin-setup/-/node-bin-setup-1.1.0.tgz",
      "integrity": "sha512-pTeU6NgUrexiLNtd+AKwvg6cngHMvj5FZ5e2bbv2ogBSIc9yhkXSSaTScfSRZnwHIh5YFmYSYlemLWkiKD7rog=="
    },
    "node_modules/node-pty": {
      "version": "0.9.0",
      "hasInstallScript": true,
      "license": "MIT",
      "dependencies": {
        "nan": "^2.14.0"
      }
    },
    "node_modules/node-termios": {
      "version": "0.0.13",
      "hasInstallScript": true,
      "license": "MIT",
      "dependencies": {
        "nan": "^2.14.0"
      }
    },
    "node_modules/smart-buffer": {
      "version": "4.1.0",
      "license": "MIT",
      "optional": true,
      "engines": {
        "node": ">= 6.0.0",
        "npm": ">= 3.0.0"
      }
    },
    "node_modules/socks": {
      "version": "2.3.3",
      "license": "MIT",
      "optional": true,
      "dependencies": {
        "ip": "1.1.5",
        "smart-buffer": "^4.1.0"
      },
      "engines": {
        "node": ">= 6.0.0",
        "npm": ">= 3.0.0"
      }
    },
    "node_modules/socks-proxy-agent": {
      "version": "4.0.2",
      "license": "MIT",
      "optional": true,
      "dependencies": {
        "agent-base": "~4.2.1",
        "socks": "~2.3.2"
      },
      "engines": {
        "node": ">= 6"
      }
    },
    "node_modules/socks-proxy-agent/node_modules/agent-base": {
      "version": "4.2.1",
      "license": "MIT",
      "optional": true,
      "dependencies": {
        "es6-promisify": "^5.0.0"
      },
      "engines": {
        "node": ">= 4.0.0"
      }
    },
    "node_modules/terminal.js": {
      "version": "1.0.9",
      "license": "MIT"
    }
  },
  "dependencies": {
    "agent-base": {
      "version": "4.3.0",
      "optional": true,
      "requires": {
        "es6-promisify": "^5.0.0"
      }
    },
    "asynckit": {
      "version": "0.4.0"
    },
    "balanced-match": {
      "version": "1.0.0"
    },
    "botgram": {
      "version": "2.2.0",
      "requires": {
        "escape-html": "1",
        "form-data": ">= 1.0.0-rc3",
        "minimatch": "3"
      }
    },
    "brace-expansion": {
      "version": "1.1.11",
      "requires": {
        "balanced-match": "^1.0.0",
        "concat-map": "0.0.1"
      }
    },
    "combined-stream": {
      "version": "1.0.8",
      "requires": {
        "delayed-stream": "~1.0.0"
      }
    },
    "concat-map": {
      "version": "0.0.1"
    },
    "debug": {
      "version": "3.2.6",
      "optional": true,
      "requires": {
        "ms": "^2.1.1"
      }
    },
    "delayed-stream": {
      "version": "1.0.0"
    },
    "es6-promise": {
      "version": "4.2.8",
      "optional": true
    },
    "es6-promisify": {
      "version": "5.0.0",
      "optional": true,
      "requires": {
        "es6-promise": "^4.0.3"
      }
    },
    "escape-html": {
      "version": "1.0.3"
    },
    "form-data": {
      "version": "3.0.0",
      "requires": {
        "asynckit": "^0.4.0",
        "combined-stream": "^1.0.8",
        "mime-types": "^2.1.12"
      }
    },
    "https-proxy-agent": {
      "version": "2.2.4",
      "optional": true,
      "requires": {
        "agent-base": "^4.3.0",
        "debug": "^3.1.0"
      }
    },
    "ip": {
      "version": "1.1.5",
      "optional": true
    },
    "mime": {
      "version": "1.6.0"
    },
    "mime-db": {
      "version": "1.43.0"
    },
    "mime-types": {
      "version": "2.1.26",
      "requires": {
        "mime-db": "1.43.0"
      }
    },
    "minimatch": {
      "version": "3.0.4",
      "requires": {
        "brace-expansion": "^1.1.7"
      }
    },
    "ms": {
      "version": "2.1.2",
      "optional": true
    },
    "nan": {
      "version": "2.14.0"
    },
    "node": {
      "version": "12.13.0",
      "resolved": "https://registry.npmjs.org/node/-/node-12.13.0.tgz",
      "integrity": "sha512-quDNTkbEEXCuDQNXX0B3faD17s1ggJ7MpdhqQKiOnvy0jooaDHSJ079pP+MfOzRkujcJgEHNIA0/G2imOGZImg==",
      "requires": {
        "node-bin-setup": "^1.0.0"
      }
    },
    "node-bin-setup": {
      "version": "1.1.0",
      "resolved": "https://registry.npmjs.org/node-bin-setup/-/node-bin-setup-1.1.0.tgz",
      "integrity": "sha512-pTeU6NgUrexiLNtd+AKwvg6cngHMvj5FZ5e2bbv2ogBSIc9yhkXSSaTScfSRZnwHIh5YFmYSYlemLWkiKD7rog=="
    },
    "node-pty": {
      "version": "0.9.0",
      "requires": {
        "nan": "^2.14.0"
      }
    },
    "node-termios": {
      "version": "0.0.13",
      "requires": {
        "nan": "^2.14.0"
      }
    },
    "smart-buffer": {
      "version": "4.1.0",
      "optional": true
    },
    "socks": {
      "version": "2.3.3",
      "optional": true,
      "requires": {
        "ip": "1.1.5",
        "smart-buffer": "^4.1.0"
      }
    },
    "socks-proxy-agent": {
      "version": "4.0.2",
      "optional": true,
      "requires": {
        "agent-base": "~4.2.1",
        "socks": "~2.3.2"
      },
      "dependencies": {
        "agent-base": {
          "version": "4.2.1",
          "optional": true,
          "requires": {
            "es6-promisify": "^5.0.0"
          }
        }
      }
    },
    "terminal.js": {
      "version": "1.0.9"
    }
  }
}
